// !$*UTF8*$!
{
	archiveVersion = 1;
	classes = {
	};
	objectVersion = 50;
	objects = {

/* Begin PBXBuildFile section */
		255C01C159029ADB6E502CAC /* Pods_ProductTemplate.framework in Frameworks */ = {isa = PBXBuildFile; fileRef = 76F64DC1EF29305520D26BB8 /* Pods_ProductTemplate.framework */; };
		441499CB20D3619400410475 /* AppDelegate.m in Sources */ = {isa = PBXBuildFile; fileRef = 441499CA20D3619400410475 /* AppDelegate.m */; };
		441499CE20D3619400410475 /* ViewController.m in Sources */ = {isa = PBXBuildFile; fileRef = 441499CD20D3619400410475 /* ViewController.m */; };
		441499D120D3619400410475 /* Main.storyboard in Resources */ = {isa = PBXBuildFile; fileRef = 441499CF20D3619400410475 /* Main.storyboard */; };
		441499D320D3619500410475 /* Assets.xcassets in Resources */ = {isa = PBXBuildFile; fileRef = 441499D220D3619500410475 /* Assets.xcassets */; };
		441499D620D3619500410475 /* LaunchScreen.storyboard in Resources */ = {isa = PBXBuildFile; fileRef = 441499D420D3619500410475 /* LaunchScreen.storyboard */; };
		441499D920D3619500410475 /* main.m in Sources */ = {isa = PBXBuildFile; fileRef = 441499D820D3619500410475 /* main.m */; };
		441499EC20D36B0500410475 /* JWBaseViewController.m in Sources */ = {isa = PBXBuildFile; fileRef = 441499EB20D36B0500410475 /* JWBaseViewController.m */; };
/* End PBXBuildFile section */

/* Begin PBXFileReference section */
		18FCF06D1DC2282F9187E9F4 /* Pods-ProductTemplate.debug.xcconfig */ = {isa = PBXFileReference; includeInIndex = 1; lastKnownFileType = text.xcconfig; name = "Pods-ProductTemplate.debug.xcconfig"; path = "Pods/Target Support Files/Pods-ProductTemplate/Pods-ProductTemplate.debug.xcconfig"; sourceTree = "<group>"; };
		3912EB2FEB0D17B38B31812F /* Pods-ProductTemplate.release.xcconfig */ = {isa = PBXFileReference; includeInIndex = 1; lastKnownFileType = text.xcconfig; name = "Pods-ProductTemplate.release.xcconfig"; path = "Pods/Target Support Files/Pods-ProductTemplate/Pods-ProductTemplate.release.xcconfig"; sourceTree = "<group>"; };
		441499C620D3619400410475 /* ProductTemplate.app */ = {isa = PBXFileReference; explicitFileType = wrapper.application; includeInIndex = 0; path = ProductTemplate.app; sourceTree = BUILT_PRODUCTS_DIR; };
		441499C920D3619400410475 /* AppDelegate.h */ = {isa = PBXFileReference; lastKnownFileType = sourcecode.c.h; path = AppDelegate.h; sourceTree = "<group>"; };
		441499CA20D3619400410475 /* AppDelegate.m */ = {isa = PBXFileReference; lastKnownFileType = sourcecode.c.objc; path = AppDelegate.m; sourceTree = "<group>"; };
		441499CC20D3619400410475 /* ViewController.h */ = {isa = PBXFileReference; lastKnownFileType = sourcecode.c.h; path = ViewController.h; sourceTree = "<group>"; };
		441499CD20D3619400410475 /* ViewController.m */ = {isa = PBXFileReference; lastKnownFileType = sourcecode.c.objc; path = ViewController.m; sourceTree = "<group>"; };
		441499D020D3619400410475 /* Base */ = {isa = PBXFileReference; lastKnownFileType = file.storyboard; name = Base; path = Base.lproj/Main.storyboard; sourceTree = "<group>"; };
		441499D220D3619500410475 /* Assets.xcassets */ = {isa = PBXFileReference; lastKnownFileType = folder.assetcatalog; path = Assets.xcassets; sourceTree = "<group>"; };
		441499D520D3619500410475 /* Base */ = {isa = PBXFileReference; lastKnownFileType = file.storyboard; name = Base; path = Base.lproj/LaunchScreen.storyboard; sourceTree = "<group>"; };
		441499D720D3619500410475 /* Info.plist */ = {isa = PBXFileReference; lastKnownFileType = text.plist.xml; path = Info.plist; sourceTree = "<group>"; };
		441499D820D3619500410475 /* main.m */ = {isa = PBXFileReference; lastKnownFileType = sourcecode.c.objc; path = main.m; sourceTree = "<group>"; };
		441499EA20D36B0500410475 /* JWBaseViewController.h */ = {isa = PBXFileReference; lastKnownFileType = sourcecode.c.h; path = JWBaseViewController.h; sourceTree = "<group>"; };
		441499EB20D36B0500410475 /* JWBaseViewController.m */ = {isa = PBXFileReference; lastKnownFileType = sourcecode.c.objc; path = JWBaseViewController.m; sourceTree = "<group>"; };
		441499ED20D3845D00410475 /* AppMacro.h */ = {isa = PBXFileReference; lastKnownFileType = sourcecode.c.h; path = AppMacro.h; sourceTree = "<group>"; };
		76F64DC1EF29305520D26BB8 /* Pods_ProductTemplate.framework */ = {isa = PBXFileReference; explicitFileType = wrapper.framework; includeInIndex = 0; path = Pods_ProductTemplate.framework; sourceTree = BUILT_PRODUCTS_DIR; };
/* End PBXFileReference section */

/* Begin PBXFrameworksBuildPhase section */
		441499C320D3619400410475 /* Frameworks */ = {
			isa = PBXFrameworksBuildPhase;
			buildActionMask = 2147483647;
			files = (
				255C01C159029ADB6E502CAC /* Pods_ProductTemplate.framework in Frameworks */,
			);
			runOnlyForDeploymentPostprocessing = 0;
		};
/* End PBXFrameworksBuildPhase section */

/* Begin PBXGroup section */
		29B0BA9F0DF66FEDF2E22CB9 /* Pods */ = {
			isa = PBXGroup;
			children = (
				18FCF06D1DC2282F9187E9F4 /* Pods-ProductTemplate.debug.xcconfig */,
				3912EB2FEB0D17B38B31812F /* Pods-ProductTemplate.release.xcconfig */,
			);
			name = Pods;
			sourceTree = "<group>";
		};
		441499BD20D3619400410475 = {
			isa = PBXGroup;
			children = (
				441499C820D3619400410475 /* ProductTemplate */,
				441499C720D3619400410475 /* Products */,
				29B0BA9F0DF66FEDF2E22CB9 /* Pods */,
				89EFA0E5174F4D5BE509C826 /* Frameworks */,
			);
			sourceTree = "<group>";
		};
		441499C720D3619400410475 /* Products */ = {
			isa = PBXGroup;
			children = (
				441499C620D3619400410475 /* ProductTemplate.app */,
			);
			name = Products;
			sourceTree = "<group>";
		};
		441499C820D3619400410475 /* ProductTemplate */ = {
			isa = PBXGroup;
			children = (
				441499E720D36A7200410475 /* category */,
				441499E620D36A5800410475 /* viewcontroller */,
				441499E520D36A4A00410475 /* view */,
				441499E420D36A4300410475 /* base */,
				441499E320D36A3800410475 /* tools */,
				441499E220D36A2E00410475 /* expand */,
				441499E120D36A1A00410475 /* thridpart */,
				441499E020D36A0B00410475 /* controller */,
				441499DF20D369DD00410475 /* resources */,
				441499C920D3619400410475 /* AppDelegate.h */,
				441499CA20D3619400410475 /* AppDelegate.m */,
				441499CC20D3619400410475 /* ViewController.h */,
				441499CD20D3619400410475 /* ViewController.m */,
				441499CF20D3619400410475 /* Main.storyboard */,
				441499D220D3619500410475 /* Assets.xcassets */,
				441499D420D3619500410475 /* LaunchScreen.storyboard */,
				441499D720D3619500410475 /* Info.plist */,
				441499D820D3619500410475 /* main.m */,
			);
			path = ProductTemplate;
			sourceTree = "<group>";
		};
		441499DF20D369DD00410475 /* resources */ = {
			isa = PBXGroup;
			children = (
			);
			path = resources;
			sourceTree = "<group>";
		};
		441499E020D36A0B00410475 /* controller */ = {
			isa = PBXGroup;
			children = (
			);
			path = controller;
			sourceTree = "<group>";
		};
		441499E120D36A1A00410475 /* thridpart */ = {
			isa = PBXGroup;
			children = (
			);
			path = thridpart;
			sourceTree = "<group>";
		};
		441499E220D36A2E00410475 /* expand */ = {
			isa = PBXGroup;
			children = (
				441499E920D36A8E00410475 /* macros */,
				441499E820D36A7E00410475 /* const */,
			);
			path = expand;
			sourceTree = "<group>";
		};
		441499E320D36A3800410475 /* tools */ = {
			isa = PBXGroup;
			children = (
			);
			path = tools;
			sourceTree = "<group>";
		};
		441499E420D36A4300410475 /* base */ = {
			isa = PBXGroup;
			children = (
				441499EA20D36B0500410475 /* JWBaseViewController.h */,
				441499EB20D36B0500410475 /* JWBaseViewController.m */,
			);
			path = base;
			sourceTree = "<group>";
		};
		441499E520D36A4A00410475 /* view */ = {
			isa = PBXGroup;
			children = (
			);
			path = view;
			sourceTree = "<group>";
		};
		441499E620D36A5800410475 /* viewcontroller */ = {
			isa = PBXGroup;
			children = (
			);
			path = viewcontroller;
			sourceTree = "<group>";
		};
		441499E720D36A7200410475 /* category */ = {
			isa = PBXGroup;
			children = (
			);
			path = category;
			sourceTree = "<group>";
		};
		441499E820D36A7E00410475 /* const */ = {
			isa = PBXGroup;
			children = (
			);
			path = const;
			sourceTree = "<group>";
		};
		441499E920D36A8E00410475 /* macros */ = {
			isa = PBXGroup;
			children = (
				441499ED20D3845D00410475 /* AppMacro.h */,
			);
			path = macros;
			sourceTree = "<group>";
		};
		89EFA0E5174F4D5BE509C826 /* Frameworks */ = {
			isa = PBXGroup;
			children = (
				76F64DC1EF29305520D26BB8 /* Pods_ProductTemplate.framework */,
			);
			name = Frameworks;
			sourceTree = "<group>";
		};
/* End PBXGroup section */

/* Begin PBXNativeTarget section */
		441499C520D3619400410475 /* ProductTemplate */ = {
			isa = PBXNativeTarget;
			buildConfigurationList = 441499DC20D3619500410475 /* Build configuration list for PBXNativeTarget "ProductTemplate" */;
			buildPhases = (
				05F15214E35C51E0149C76CE /* [CP] Check Pods Manifest.lock */,
				441499C220D3619400410475 /* Sources */,
				441499C320D3619400410475 /* Frameworks */,
				441499C420D3619400410475 /* Resources */,
				6A447AEEEA500C3EFD551392 /* [CP] Embed Pods Frameworks */,
			);
			buildRules = (
			);
			dependencies = (
			);
			name = ProductTemplate;
			productName = ProductTemplate;
			productReference = 441499C620D3619400410475 /* ProductTemplate.app */;
			productType = "com.apple.product-type.application";
		};
/* End PBXNativeTarget section */

/* Begin PBXProject section */
		441499BE20D3619400410475 /* Project object */ = {
			isa = PBXProject;
			attributes = {
				LastUpgradeCheck = 0940;
				ORGANIZATIONNAME = JeffWang;
				TargetAttributes = {
					441499C520D3619400410475 = {
						CreatedOnToolsVersion = 9.4;
					};
				};
			};
			buildConfigurationList = 441499C120D3619400410475 /* Build configuration list for PBXProject "ProductTemplate" */;
			compatibilityVersion = "Xcode 9.3";
			developmentRegion = en;
			hasScannedForEncodings = 0;
			knownRegions = (
				en,
				Base,
			);
			mainGroup = 441499BD20D3619400410475;
			productRefGroup = 441499C720D3619400410475 /* Products */;
			projectDirPath = "";
			projectRoot = "";
			targets = (
				441499C520D3619400410475 /* ProductTemplate */,
			);
		};
/* End PBXProject section */

/* Begin PBXResourcesBuildPhase section */
		441499C420D3619400410475 /* Resources */ = {
			isa = PBXResourcesBuildPhase;
			buildActionMask = 2147483647;
			files = (
				441499D620D3619500410475 /* LaunchScreen.storyboard in Resources */,
				441499D320D3619500410475 /* Assets.xcassets in Resources */,
				441499D120D3619400410475 /* Main.storyboard in Resources */,
			);
			runOnlyForDeploymentPostprocessing = 0;
		};
/* End PBXResourcesBuildPhase section */

/* Begin PBXShellScriptBuildPhase section */
		05F15214E35C51E0149C76CE /* [CP] Check Pods Manifest.lock */ = {
			isa = PBXShellScriptBuildPhase;
			buildActionMask = 2147483647;
			files = (
			);
			inputPaths = (
				"${PODS_PODFILE_DIR_PATH}/Podfile.lock",
				"${PODS_ROOT}/Manifest.lock",
			);
			name = "[CP] Check Pods Manifest.lock";
			outputPaths = (
				"$(DERIVED_FILE_DIR)/Pods-ProductTemplate-checkManifestLockResult.txt",
			);
			runOnlyForDeploymentPostprocessing = 0;
			shellPath = /bin/sh;
			shellScript = "diff \"${PODS_PODFILE_DIR_PATH}/Podfile.lock\" \"${PODS_ROOT}/Manifest.lock\" > /dev/null\nif [ $? != 0 ] ; then\n    # print error to STDERR\n    echo \"error: The sandbox is not in sync with the Podfile.lock. Run 'pod install' or update your CocoaPods installation.\" >&2\n    exit 1\nfi\n# This output is used by Xcode 'outputs' to avoid re-running this script phase.\necho \"SUCCESS\" > \"${SCRIPT_OUTPUT_FILE_0}\"\n";
			showEnvVarsInLog = 0;
		};
		6A447AEEEA500C3EFD551392 /* [CP] Embed Pods Frameworks */ = {
			isa = PBXShellScriptBuildPhase;
			buildActionMask = 2147483647;
			files = (
			);
			inputPaths = (
				"${SRCROOT}/Pods/Target Support Files/Pods-ProductTemplate/Pods-ProductTemplate-frameworks.sh",
				"${BUILT_PRODUCTS_DIR}/AFNetworking/AFNetworking.framework",
				"${BUILT_PRODUCTS_DIR}/CYLTabBarController/CYLTabBarController.framework",
				"${BUILT_PRODUCTS_DIR}/FLAnimatedImage/FLAnimatedImage.framework",
				"${BUILT_PRODUCTS_DIR}/IQKeyboardManager/IQKeyboardManager.framework",
				"${BUILT_PRODUCTS_DIR}/JKCategories/JKCategories.framework",
				"${BUILT_PRODUCTS_DIR}/LCActionSheet/LCActionSheet.framework",
				"${BUILT_PRODUCTS_DIR}/MJExtension/MJExtension.framework",
				"${BUILT_PRODUCTS_DIR}/Masonry/Masonry.framework",
				"${BUILT_PRODUCTS_DIR}/RTRootNavigationController/RTRootNavigationController.framework",
				"${BUILT_PRODUCTS_DIR}/ReactiveObjC/ReactiveObjC.framework",
				"${BUILT_PRODUCTS_DIR}/SDAutoLayout/SDAutoLayout.framework",
				"${BUILT_PRODUCTS_DIR}/SDCycleScrollView/SDCycleScrollView.framework",
				"${BUILT_PRODUCTS_DIR}/SDWebImage/SDWebImage.framework",
				"${BUILT_PRODUCTS_DIR}/SGPagingView/SGPagingView.framework",
				"${BUILT_PRODUCTS_DIR}/XHLaunchAd/XHLaunchAd.framework",
				"${BUILT_PRODUCTS_DIR}/YTKNetwork/YTKNetwork.framework",
				"${BUILT_PRODUCTS_DIR}/YYCache/YYCache.framework",
				"${BUILT_PRODUCTS_DIR}/YYImage/YYImage.framework",
				"${BUILT_PRODUCTS_DIR}/YYWebImage/YYWebImage.framework",
			);
			name = "[CP] Embed Pods Frameworks";
			outputPaths = (
				"${TARGET_BUILD_DIR}/${FRAMEWORKS_FOLDER_PATH}/AFNetworking.framework",
				"${TARGET_BUILD_DIR}/${FRAMEWORKS_FOLDER_PATH}/CYLTabBarController.framework",
				"${TARGET_BUILD_DIR}/${FRAMEWORKS_FOLDER_PATH}/FLAnimatedImage.framework",
				"${TARGET_BUILD_DIR}/${FRAMEWORKS_FOLDER_PATH}/IQKeyboardManager.framework",
				"${TARGET_BUILD_DIR}/${FRAMEWORKS_FOLDER_PATH}/JKCategories.framework",
				"${TARGET_BUILD_DIR}/${FRAMEWORKS_FOLDER_PATH}/LCActionSheet.framework",
				"${TARGET_BUILD_DIR}/${FRAMEWORKS_FOLDER_PATH}/MJExtension.framework",
				"${TARGET_BUILD_DIR}/${FRAMEWORKS_FOLDER_PATH}/Masonry.framework",
				"${TARGET_BUILD_DIR}/${FRAMEWORKS_FOLDER_PATH}/RTRootNavigationController.framework",
				"${TARGET_BUILD_DIR}/${FRAMEWORKS_FOLDER_PATH}/ReactiveObjC.framework",
				"${TARGET_BUILD_DIR}/${FRAMEWORKS_FOLDER_PATH}/SDAutoLayout.framework",
				"${TARGET_BUILD_DIR}/${FRAMEWORKS_FOLDER_PATH}/SDCycleScrollView.framework",
				"${TARGET_BUILD_DIR}/${FRAMEWORKS_FOLDER_PATH}/SDWebImage.framework",
				"${TARGET_BUILD_DIR}/${FRAMEWORKS_FOLDER_PATH}/SGPagingView.framework",
				"${TARGET_BUILD_DIR}/${FRAMEWORKS_FOLDER_PATH}/XHLaunchAd.framework",
				"${TARGET_BUILD_DIR}/${FRAMEWORKS_FOLDER_PATH}/YTKNetwork.framework",
				"${TARGET_BUILD_DIR}/${FRAMEWORKS_FOLDER_PATH}/YYCache.framework",
				"${TARGET_BUILD_DIR}/${FRAMEWORKS_FOLDER_PATH}/YYImage.framework",
				"${TARGET_BUILD_DIR}/${FRAMEWORKS_FOLDER_PATH}/YYWebImage.framework",
			);
			runOnlyForDeploymentPostprocessing = 0;
			shellPath = /bin/sh;
			shellScript = "\"${SRCROOT}/Pods/Target Support Files/Pods-ProductTemplate/Pods-ProductTemplate-frameworks.sh\"\n";
			showEnvVarsInLog = 0;
		};
/* End PBXShellScriptBuildPhase section */

/* Begin PBXSourcesBuildPhase section */
		441499C220D3619400410475 /* Sources */ = {
			isa = PBXSourcesBuildPhase;
			buildActionMask = 2147483647;
			files = (
				441499EC20D36B0500410475 /* JWBaseViewController.m in Sources */,
				441499CE20D3619400410475 /* ViewController.m in Sources */,
				441499D920D3619500410475 /* main.m in Sources */,
				441499CB20D3619400410475 /* AppDelegate.m in Sources */,
			);
			runOnlyForDeploymentPostprocessing = 0;
		};
/* End PBXSourcesBuildPhase section */

/* Begin PBXVariantGroup section */
		441499CF20D3619400410475 /* Main.storyboard */ = {
			isa = PBXVariantGroup;
			children = (
				441499D020D3619400410475 /* Base */,
			);
			name = Main.storyboard;
			sourceTree = "<group>";
		};
		441499D420D3619500410475 /* LaunchScreen.storyboard */ = {
			isa = PBXVariantGroup;
			children = (
				441499D520D3619500410475 /* Base */,
			);
			name = LaunchScreen.storyboard;
			sourceTree = "<group>";
		};
/* End PBXVariantGroup section */

/* Begin XCBuildConfiguration section */
		441499DA20D3619500410475 /* Debug */ = {
			isa = XCBuildConfiguration;
			buildSettings = {
				ALWAYS_SEARCH_USER_PATHS = NO;
				CLANG_ANALYZER_NONNULL = YES;
				CLANG_ANALYZER_NUMBER_OBJECT_CONVERSION = YES_AGGRESSIVE;
				CLANG_CXX_LANGUAGE_STANDARD = "gnu++14";
				CLANG_CXX_LIBRARY = "libc++";
				CLANG_ENABLE_MODULES = YES;
				CLANG_ENABLE_OBJC_ARC = YES;
				CLANG_ENABLE_OBJC_WEAK = YES;
				CLANG_WARN_BLOCK_CAPTURE_AUTORELEASING = YES;
				CLANG_WARN_BOOL_CONVERSION = YES;
				CLANG_WARN_COMMA = YES;
				CLANG_WARN_CONSTANT_CONVERSION = YES;
				CLANG_WARN_DEPRECATED_OBJC_IMPLEMENTATIONS = YES;
				CLANG_WARN_DIRECT_OBJC_ISA_USAGE = YES_ERROR;
				CLANG_WARN_DOCUMENTATION_COMMENTS = YES;
				CLANG_WARN_EMPTY_BODY = YES;
				CLANG_WARN_ENUM_CONVERSION = YES;
				CLANG_WARN_INFINITE_RECURSION = YES;
				CLANG_WARN_INT_CONVERSION = YES;
				CLANG_WARN_NON_LITERAL_NULL_CONVERSION = YES;
				CLANG_WARN_OBJC_IMPLICIT_RETAIN_SELF = YES;
				CLANG_WARN_OBJC_LITERAL_CONVERSION = YES;
				CLANG_WARN_OBJC_ROOT_CLASS = YES_ERROR;
				CLANG_WARN_RANGE_LOOP_ANALYSIS = YES;
				CLANG_WARN_STRICT_PROTOTYPES = YES;
				CLANG_WARN_SUSPICIOUS_MOVE = YES;
				CLANG_WARN_UNGUARDED_AVAILABILITY = YES_AGGRESSIVE;
				CLANG_WARN_UNREACHABLE_CODE = YES;
				CLANG_WARN__DUPLICATE_METHOD_MATCH = YES;
				CODE_SIGN_IDENTITY = "iPhone Developer";
				COPY_PHASE_STRIP = NO;
				DEBUG_INFORMATION_FORMAT = dwarf;
				ENABLE_STRICT_OBJC_MSGSEND = YES;
				ENABLE_TESTABILITY = YES;
				GCC_C_LANGUAGE_STANDARD = gnu11;
				GCC_DYNAMIC_NO_PIC = NO;
				GCC_NO_COMMON_BLOCKS = YES;
				GCC_OPTIMIZATION_LEVEL = 0;
				GCC_PREPROCESSOR_DEFINITIONS = (
					"DEBUG=1",
					"$(inherited)",
				);
				GCC_WARN_64_TO_32_BIT_CONVERSION = YES;
				GCC_WARN_ABOUT_RETURN_TYPE = YES_ERROR;
				GCC_WARN_UNDECLARED_SELECTOR = YES;
				GCC_WARN_UNINITIALIZED_AUTOS = YES_AGGRESSIVE;
				GCC_WARN_UNUSED_FUNCTION = YES;
				GCC_WARN_UNUSED_VARIABLE = YES;
				IPHONEOS_DEPLOYMENT_TARGET = 11.4;
				MTL_ENABLE_DEBUG_INFO = YES;
				ONLY_ACTIVE_ARCH = YES;
				SDKROOT = iphoneos;
			};
			name = Debug;
		};
		441499DB20D3619500410475 /* Release */ = {
			isa = XCBuildConfiguration;
			buildSettings = {
				ALWAYS_SEARCH_USER_PATHS = NO;
				CLANG_ANALYZER_NONNULL = YES;
				CLANG_ANALYZER_NUMBER_OBJECT_CONVERSION = YES_AGGRESSIVE;
				CLANG_CXX_LANGUAGE_STANDARD = "gnu++14";
				CLANG_CXX_LIBRARY = "libc++";
				CLANG_ENABLE_MODULES = YES;
				CLANG_ENABLE_OBJC_ARC = YES;
				CLANG_ENABLE_OBJC_WEAK = YES;
				CLANG_WARN_BLOCK_CAPTURE_AUTORELEASING = YES;
				CLANG_WARN_BOOL_CONVERSION = YES;
				CLANG_WARN_COMMA = YES;
				CLANG_WARN_CONSTANT_CONVERSION = YES;
				CLANG_WARN_DEPRECATED_OBJC_IMPLEMENTATIONS = YES;
				CLANG_WARN_DIRECT_OBJC_ISA_USAGE = YES_ERROR;
				CLANG_WARN_DOCUMENTATION_COMMENTS = YES;
				CLANG_WARN_EMPTY_BODY = YES;
				CLANG_WARN_ENUM_CONVERSION = YES;
				CLANG_WARN_INFINITE_RECURSION = YES;
				CLANG_WARN_INT_CONVERSION = YES;
				CLANG_WARN_NON_LITERAL_NULL_CONVERSION = YES;
				CLANG_WARN_OBJC_IMPLICIT_RETAIN_SELF = YES;
				CLANG_WARN_OBJC_LITERAL_CONVERSION = YES;
				CLANG_WARN_OBJC_ROOT_CLASS = YES_ERROR;
				CLANG_WARN_RANGE_LOOP_ANALYSIS = YES;
				CLANG_WARN_STRICT_PROTOTYPES = YES;
				CLANG_WARN_SUSPICIOUS_MOVE = YES;
				CLANG_WARN_UNGUARDED_AVAILABILITY = YES_AGGRESSIVE;
				CLANG_WARN_UNREACHABLE_CODE = YES;
				CLANG_WARN__DUPLICATE_METHOD_MATCH = YES;
				CODE_SIGN_IDENTITY = "iPhone Developer";
				COPY_PHASE_STRIP = NO;
				DEBUG_INFORMATION_FORMAT = "dwarf-with-dsym";
				ENABLE_NS_ASSERTIONS = NO;
				ENABLE_STRICT_OBJC_MSGSEND = YES;
				GCC_C_LANGUAGE_STANDARD = gnu11;
				GCC_NO_COMMON_BLOCKS = YES;
				GCC_WARN_64_TO_32_BIT_CONVERSION = YES;
				GCC_WARN_ABOUT_RETURN_TYPE = YES_ERROR;
				GCC_WARN_UNDECLARED_SELECTOR = YES;
				GCC_WARN_UNINITIALIZED_AUTOS = YES_AGGRESSIVE;
				GCC_WARN_UNUSED_FUNCTION = YES;
				GCC_WARN_UNUSED_VARIABLE = YES;
				IPHONEOS_DEPLOYMENT_TARGET = 11.4;
				MTL_ENABLE_DEBUG_INFO = NO;
				SDKROOT = iphoneos;
				VALIDATE_PRODUCT = YES;
			};
			name = Release;
		};
		441499DD20D3619500410475 /* Debug */ = {
			isa = XCBuildConfiguration;
			baseConfigurationReference = 18FCF06D1DC2282F9187E9F4 /* Pods-ProductTemplate.debug.xcconfig */;
			buildSettings = {
				ASSETCATALOG_COMPILER_APPICON_NAME = AppIcon;
				CODE_SIGN_STYLE = Manual;
				DEVELOPMENT_TEAM = "";
				INFOPLIST_FILE = ProductTemplate/Info.plist;
				IPHONEOS_DEPLOYMENT_TARGET = 8.0;
				LD_RUNPATH_SEARCH_PATHS = (
					"$(inherited)",
					"@executable_path/Frameworks",
				);
				PRODUCT_BUNDLE_IDENTIFIER = com.jwang.ProductTemplate;
				PRODUCT_NAME = "$(TARGET_NAME)";
				PROVISIONING_PROFILE_SPECIFIER = "";
				TARGETED_DEVICE_FAMILY = "1,2";
			};
			name = Debug;
		};
		441499DE20D3619500410475 /* Release */ = {
			isa = XCBuildConfiguration;
			baseConfigurationReference = 3912EB2FEB0D17B38B31812F /* Pods-ProductTemplate.release.xcconfig */;
			buildSettings = {
				ASSETCATALOG_COMPILER_APPICON_NAME = AppIcon;
				CODE_SIGN_STYLE = Manual;
				DEVELOPMENT_TEAM = "";
				INFOPLIST_FILE = ProductTemplate/Info.plist;
				IPHONEOS_DEPLOYMENT_TARGET = 8.0;
				LD_RUNPATH_SEARCH_PATHS = (
					"$(inherited)",
					"@executable_path/Frameworks",
				);
				PRODUCT_BUNDLE_IDENTIFIER = com.jwang.ProductTemplate;
				PRODUCT_NAME = "$(TARGET_NAME)";
				PROVISIONING_PROFILE_SPECIFIER = "";
				TARGETED_DEVICE_FAMILY = "1,2";
			};
			name = Release;
		};
/* End XCBuildConfiguration section */

/* Begin XCConfigurationList section */
		441499C120D3619400410475 /* Build configuration list for PBXProject "ProductTemplate" */ = {
			isa = XCConfigurationList;
			buildConfigurations = (
				441499DA20D3619500410475 /* Debug */,
				441499DB20D3619500410475 /* Release */,
			);
			defaultConfigurationIsVisible = 0;
			defaultConfigurationName = Release;
		};
		441499DC20D3619500410475 /* Build configuration list for PBXNativeTarget "ProductTemplate" */ = {
			isa = XCConfigurationList;
			buildConfigurations = (
				441499DD20D3619500410475 /* Debug */,
				441499DE20D3619500410475 /* Release */,
			);
			defaultConfigurationIsVisible = 0;
			defaultConfigurationName = Release;
		};
/* End XCConfigurationList section */
	};
	rootObject = 441499BE20D3619400410475 /* Project object */;
}
